
Microsoft Visual Studio Solution File, Format Version 12.00
# Visual Studio Version 16
VisualStudioVersion = 16.0.31410.223
MinimumVisualStudioVersion = 10.0.40219.1
Project("{9A19103F-16F7-4668-BE54-9A1E7A4F7556}") = "ConsoleHostedService", "ConsoleHostedService.csproj", "{F78F0A13-E86C-4951-866E-7D011943581B}"
EndProject
Global
	GlobalSection(SolutionConfigurationPlatforms) = preSolution
		Debug|Any CPU = Debug|Any CPU
		Release|Any CPU = Release|Any CPU
	EndGlobalSection
	GlobalSection(ProjectConfigurationPlatforms) = postSolution
		{F78F0A13-E86C-4951-866E-7D011943581B}.Debug|Any CPU.ActiveCfg = Debug|Any CPU
		{F78F0A13-E86C-4951-866E-7D011943581B}.Debug|Any CPU.Build.0 = Debug|Any CPU
		{F78F0A13-E86C-4951-866E-7D011943581B}.Release|Any CPU.ActiveCfg = Release|Any CPU
		{F78F0A13-E86C-4951-866E-7D011943581B}.Release|Any CPU.Build.0 = Release|Any CPU
	EndGlobalSection
	GlobalSection(SolutionProperties) = preSolution
		HideSolutionNode = FALSE
	EndGlobalSection
	GlobalSection(ExtensibilityGlobals) = postSolution
		SolutionGuid = {E140FA56-40A8-413A-9666-960C4FC2B5B0}
	EndGlobalSection
EndGlobal
